
Microsoft Visual Studio Solution File, Format Version 12.00
# Visual Studio Version 16
VisualStudioVersion = 16.0.30002.166
MinimumVisualStudioVersion = 10.0.40219.1
Project("{FAE04EC0-301F-11D3-BF4B-00C04F79EFBC}") = "WebApp", "WebApp\WebApp.csproj", "{370CBCAF-A51C-4430-99E8-FBC8369D2741}"
EndProject
Global
	GlobalSection(SolutionConfigurationPlatforms) = preSolution
		Debug|Any CPU = Debug|Any CPU
		Release|Any CPU = Release|Any CPU
	EndGlobalSection
	GlobalSection(ProjectConfigurationPlatforms) = postSolution
		{370CBCAF-A51C-4430-99E8-FBC8369D2741}.Debug|Any CPU.ActiveCfg = Debug|Any CPU
		{370CBCAF-A51C-4430-99E8-FBC8369D2741}.Debug|Any CPU.Build.0 = Debug|Any CPU
		{370CBCAF-A51C-4430-99E8-FBC8369D2741}.Release|Any CPU.ActiveCfg = Release|Any CPU
		{370CBCAF-A51C-4430-99E8-FBC8369D2741}.Release|Any CPU.Build.0 = Release|Any CPU
	EndGlobalSection
	GlobalSection(SolutionProperties) = preSolution
		HideSolutionNode = FALSE
	EndGlobalSection
	GlobalSection(ExtensibilityGlobals) = postSolution
		SolutionGuid = {90B0C2B1-C631-4073-8146-55A4C2C75E48}
	EndGlobalSection
EndGlobal
