
Microsoft Visual Studio Solution File, Format Version 12.00
# Visual Studio Version 16
VisualStudioVersion = 16.0.30002.166
MinimumVisualStudioVersion = 10.0.40219.1
Project("{FAE04EC0-301F-11D3-BF4B-00C04F79EFBC}") = "MainApplication", "MainApplication\MainApplication.csproj", "{1032AAC1-64FB-40A0-8666-7F3467B2965A}"
EndProject
Global
	GlobalSection(SolutionConfigurationPlatforms) = preSolution
		Debug|Any CPU = Debug|Any CPU
		Release|Any CPU = Release|Any CPU
	EndGlobalSection
	GlobalSection(ProjectConfigurationPlatforms) = postSolution
		{1032AAC1-64FB-40A0-8666-7F3467B2965A}.Debug|Any CPU.ActiveCfg = Debug|Any CPU
		{1032AAC1-64FB-40A0-8666-7F3467B2965A}.Debug|Any CPU.Build.0 = Debug|Any CPU
		{1032AAC1-64FB-40A0-8666-7F3467B2965A}.Release|Any CPU.ActiveCfg = Release|Any CPU
		{1032AAC1-64FB-40A0-8666-7F3467B2965A}.Release|Any CPU.Build.0 = Release|Any CPU
	EndGlobalSection
	GlobalSection(SolutionProperties) = preSolution
		HideSolutionNode = FALSE
	EndGlobalSection
	GlobalSection(ExtensibilityGlobals) = postSolution
		SolutionGuid = {41812F8E-E0A9-4B0A-97B8-CE071952CE5B}
	EndGlobalSection
EndGlobal
